
Microsoft Visual Studio Solution File, Format Version 12.00
# Visual Studio Version 18
VisualStudioVersion = 18.6.11822.322 stable
MinimumVisualStudioVersion = 10.0.40219.1
Project("{2150E333-8FDC-42A3-9474-1A3956D46DE8}") = "Internal", "Internal", "{E5E68DA3-1212-47CF-916A-49411C579E06}"
	ProjectSection(SolutionItems) = preProject
		Internal\.editorconfig = Internal\.editorconfig
	EndProjectSection
EndProject
Project("{2150E333-8FDC-42A3-9474-1A3956D46DE8}") = "QActions", "QActions", "{C3420DC9-CB2F-4D64-9EBD-D2830E50C2F8}"
EndProject
Project("{2150E333-8FDC-42A3-9474-1A3956D46DE8}") = "Dlls", "Dlls", "{A0D0366C-6AEA-4985-A14B-37103B0D527D}"
	ProjectSection(SolutionItems) = preProject
		Dlls\ABOUT.md = Dlls\ABOUT.md
	EndProjectSection
EndProject
Project("{2150E333-8FDC-42A3-9474-1A3956D46DE8}") = "DefaultTemplates", "DefaultTemplates", "{F2683535-3B81-4454-9E99-120E5016BBCE}"
	ProjectSection(SolutionItems) = preProject
		DefaultTemplates\ABOUT.md = DefaultTemplates\ABOUT.md
	EndProjectSection
EndProject
Project("{2150E333-8FDC-42A3-9474-1A3956D46DE8}") = "Documentation", "Documentation", "{3FC6A004-040F-49BA-A2A7-7106FFCF28AD}"
	ProjectSection(SolutionItems) = preProject
		Documentation\ABOUT.md = Documentation\ABOUT.md
	EndProjectSection
EndProject
Project("{2150E333-8FDC-42A3-9474-1A3956D46DE8}") = "Solution Items", "Solution Items", "{CDAB26E9-9B48-43C8-954F-80BBC6AE7B52}"
	ProjectSection(SolutionItems) = preProject
		protocol.xml = protocol.xml
	EndProjectSection
EndProject
Project("{2150E333-8FDC-42A3-9474-1A3956D46DE8}") = "Tests", "Tests", "{68D2BBD2-5937-494C-8AE1-A01CEC64A019}"
EndProject
Project("{2150E333-8FDC-42A3-9474-1A3956D46DE8}") = "Code Analysis", "Code Analysis", "{C81ABC16-3AD6-4E4A-AF40-03656E2472BB}"
	ProjectSection(SolutionItems) = preProject
		Internal\Code Analysis\qaction-debug.ruleset = Internal\Code Analysis\qaction-debug.ruleset
		Internal\Code Analysis\qaction-release.ruleset = Internal\Code Analysis\qaction-release.ruleset
		Internal\Code Analysis\stylecop.json = Internal\Code Analysis\stylecop.json
	EndProjectSection
EndProject
Project("{9A19103F-16F7-4668-BE54-9A1E7A4F7556}") = "QAction_Helper", "QAction_Helper\QAction_Helper.csproj", "{BEB232D5-0601-40AE-BE63-BBBB17DBDDF2}"
EndProject
Project("{9A19103F-16F7-4668-BE54-9A1E7A4F7556}") = "QAction_1", "QAction_1\QAction_1.csproj", "{2424B8D9-DD0B-44F7-8943-8E114BB47798}"
EndProject
Project("{9A19103F-16F7-4668-BE54-9A1E7A4F7556}") = "QAction_2", "QAction_2\QAction_2.csproj", "{36498568-A45F-486B-A4C9-203BD7F099C5}"
EndProject
Project("{FAE04EC0-301F-11D3-BF4B-00C04F79EFBC}") = "QAction_3", "QAction_3\QAction_3.csproj", "{BB70C48B-A116-6C00-503D-8614F9CD9212}"
EndProject
Global
	GlobalSection(SolutionConfigurationPlatforms) = preSolution
		Debug|Any CPU = Debug|Any CPU
		Release|Any CPU = Release|Any CPU
	EndGlobalSection
	GlobalSection(ProjectConfigurationPlatforms) = postSolution
		{BEB232D5-0601-40AE-BE63-BBBB17DBDDF2}.Debug|Any CPU.ActiveCfg = Debug|Any CPU
		{BEB232D5-0601-40AE-BE63-BBBB17DBDDF2}.Debug|Any CPU.Build.0 = Debug|Any CPU
		{BEB232D5-0601-40AE-BE63-BBBB17DBDDF2}.Release|Any CPU.ActiveCfg = Release|Any CPU
		{BEB232D5-0601-40AE-BE63-BBBB17DBDDF2}.Release|Any CPU.Build.0 = Release|Any CPU
		{2424B8D9-DD0B-44F7-8943-8E114BB47798}.Debug|Any CPU.ActiveCfg = Debug|Any CPU
		{2424B8D9-DD0B-44F7-8943-8E114BB47798}.Debug|Any CPU.Build.0 = Debug|Any CPU
		{2424B8D9-DD0B-44F7-8943-8E114BB47798}.Release|Any CPU.ActiveCfg = Release|Any CPU
		{2424B8D9-DD0B-44F7-8943-8E114BB47798}.Release|Any CPU.Build.0 = Release|Any CPU
		{36498568-A45F-486B-A4C9-203BD7F099C5}.Debug|Any CPU.ActiveCfg = Debug|Any CPU
		{36498568-A45F-486B-A4C9-203BD7F099C5}.Debug|Any CPU.Build.0 = Debug|Any CPU
		{36498568-A45F-486B-A4C9-203BD7F099C5}.Release|Any CPU.ActiveCfg = Release|Any CPU
		{36498568-A45F-486B-A4C9-203BD7F099C5}.Release|Any CPU.Build.0 = Release|Any CPU
		{BB70C48B-A116-6C00-503D-8614F9CD9212}.Debug|Any CPU.ActiveCfg = Debug|Any CPU
		{BB70C48B-A116-6C00-503D-8614F9CD9212}.Debug|Any CPU.Build.0 = Debug|Any CPU
		{BB70C48B-A116-6C00-503D-8614F9CD9212}.Release|Any CPU.ActiveCfg = Release|Any CPU
		{BB70C48B-A116-6C00-503D-8614F9CD9212}.Release|Any CPU.Build.0 = Release|Any CPU
	EndGlobalSection
	GlobalSection(SolutionProperties) = preSolution
		HideSolutionNode = FALSE
	EndGlobalSection
	GlobalSection(NestedProjects) = preSolution
		{C81ABC16-3AD6-4E4A-AF40-03656E2472BB} = {E5E68DA3-1212-47CF-916A-49411C579E06}
		{BEB232D5-0601-40AE-BE63-BBBB17DBDDF2} = {E5E68DA3-1212-47CF-916A-49411C579E06}
		{2424B8D9-DD0B-44F7-8943-8E114BB47798} = {C3420DC9-CB2F-4D64-9EBD-D2830E50C2F8}
		{36498568-A45F-486B-A4C9-203BD7F099C5} = {C3420DC9-CB2F-4D64-9EBD-D2830E50C2F8}
		{BB70C48B-A116-6C00-503D-8614F9CD9212} = {C3420DC9-CB2F-4D64-9EBD-D2830E50C2F8}
	EndGlobalSection
	GlobalSection(ExtensibilityGlobals) = postSolution
		SolutionGuid = {308AF966-3234-4C0A-96EB-19F33A00A899}
	EndGlobalSection
EndGlobal
